
Microsoft Visual Studio Solution File, Format Version 12.00
# Visual Studio Version 16
VisualStudioVersion = 16.0.30225.117
MinimumVisualStudioVersion = 10.0.40219.1
Project("{FAE04EC0-301F-11D3-BF4B-00C04F79EFBC}") = "Challenge1", "Challenge1\Challenge1.csproj", "{21349A87-694B-436D-A6A5-E362C6412F77}"
EndProject
Global
	GlobalSection(SolutionConfigurationPlatforms) = preSolution
		Debug|Any CPU = Debug|Any CPU
		Release|Any CPU = Release|Any CPU
	EndGlobalSection
	GlobalSection(ProjectConfigurationPlatforms) = postSolution
		{21349A87-694B-436D-A6A5-E362C6412F77}.Debug|Any CPU.ActiveCfg = Debug|Any CPU
		{21349A87-694B-436D-A6A5-E362C6412F77}.Debug|Any CPU.Build.0 = Debug|Any CPU
		{21349A87-694B-436D-A6A5-E362C6412F77}.Release|Any CPU.ActiveCfg = Release|Any CPU
		{21349A87-694B-436D-A6A5-E362C6412F77}.Release|Any CPU.Build.0 = Release|Any CPU
	EndGlobalSection
	GlobalSection(SolutionProperties) = preSolution
		HideSolutionNode = FALSE
	EndGlobalSection
	GlobalSection(ExtensibilityGlobals) = postSolution
		SolutionGuid = {4C6DC5D1-90EA-450D-B6B0-21677D78BE9E}
	EndGlobalSection
EndGlobal
